
Microsoft Visual Studio Solution File, Format Version 12.00
# Visual Studio Version 17
VisualStudioVersion = 17.0.31903.59
MinimumVisualStudioVersion = 10.0.40219.1
Project("{2150E333-8FDC-42A3-9474-1A3956D46DE8}") = "Services", "Services", "{1FECC291-C626-4498-8E76-22ED313E59A8}"
EndProject
Project("{FAE04EC0-301F-11D3-BF4B-00C04F79EFBC}") = "GeekShopping.ProductAPI", "Services\GeekShopping.ProductAPI\GeekShopping.ProductAPI.csproj", "{C8CD1FE0-872C-4C33-9FB6-EFE355F007C0}"
EndProject
Project("{2150E333-8FDC-42A3-9474-1A3956D46DE8}") = "FrontEnd", "FrontEnd", "{A1DBCD26-BFA0-4FEF-8768-8E724CD768E2}"
EndProject
Project("{FAE04EC0-301F-11D3-BF4B-00C04F79EFBC}") = "GeekShopping-Web", "FrontEnd\GeekShopping-Web\GeekShopping-Web.csproj", "{09A7E955-BD1C-4896-AE8B-35F08E4F8DCF}"
EndProject
Project("{FAE04EC0-301F-11D3-BF4B-00C04F79EFBC}") = "GeekShopping.IdentityServer", "Services\GeekShopping.IdentityServer\GeekShopping.IdentityServer.csproj", "{1A83ADC4-0555-4CB2-BF38-68A37D36A1B0}"
EndProject
Project("{FAE04EC0-301F-11D3-BF4B-00C04F79EFBC}") = "GeekShopping.CartAPI", "Services\GeekShopping.CartAPI\GeekShopping.CartAPI.csproj", "{55C416CF-C4CB-4640-84FB-5D6AC8E4B519}"
EndProject
Project("{FAE04EC0-301F-11D3-BF4B-00C04F79EFBC}") = "GeekShopping.CouponAPI", "Services\GeekShopping.CouponAPI\GeekShopping.CouponAPI.csproj", "{9730BA48-F6A0-4765-9A18-9E7374FA6DA1}"
EndProject
Project("{2150E333-8FDC-42A3-9474-1A3956D46DE8}") = "Integration", "Integration", "{ADF3CF7A-DB58-4E93-B72B-153F0851AFB9}"
EndProject
Project("{FAE04EC0-301F-11D3-BF4B-00C04F79EFBC}") = "GeekShopping.MessageBus", "Integration\GeekShopping.MessageBus\GeekShopping.MessageBus.csproj", "{3AAC3420-A98C-4A37-AA83-899C0BB5FED6}"
EndProject
Project("{FAE04EC0-301F-11D3-BF4B-00C04F79EFBC}") = "GeekShopping.OrderAPI", "Services\GeekShopping.OrderAPI\GeekShopping.OrderAPI.csproj", "{6A96CEA6-525B-4ABA-8957-E90B20219F74}"
EndProject
Project("{2150E333-8FDC-42A3-9474-1A3956D46DE8}") = "Payments", "Payments", "{3B8FE43A-A7CA-432D-BAFD-AA69AD4C2731}"
EndProject
Project("{FAE04EC0-301F-11D3-BF4B-00C04F79EFBC}") = "GeekShopping.PaymentProcessor", "Payments\GeekShopping.PaymentProcessor\GeekShopping.PaymentProcessor.csproj", "{79106620-FA87-4ADD-AC90-E77264E91703}"
EndProject
Project("{FAE04EC0-301F-11D3-BF4B-00C04F79EFBC}") = "GeekShopping.PaymentAPI", "Services\GeekShopping.PaymentAPI\GeekShopping.PaymentAPI.csproj", "{B3F71B7C-21E2-49D8-8E43-D460D619BD05}"
EndProject
Project("{FAE04EC0-301F-11D3-BF4B-00C04F79EFBC}") = "GeekShopping.Email", "Services\GeekShopping.Email\GeekShopping.Email.csproj", "{E4E158FD-2D5D-465B-8AF7-B4D8752935F3}"
EndProject
Project("{2150E333-8FDC-42A3-9474-1A3956D46DE8}") = "Gateway", "Gateway", "{96C2EA51-5912-482B-80D0-42AED41B4B49}"
EndProject
Project("{FAE04EC0-301F-11D3-BF4B-00C04F79EFBC}") = "GeekShopping.APIGateway", "Gateway\GeekShopping.APIGateway\GeekShopping.APIGateway.csproj", "{F0740FA1-CBE3-4CFD-9C1B-6E1BBFFBA384}"
EndProject
Global
	GlobalSection(SolutionConfigurationPlatforms) = preSolution
		Debug|Any CPU = Debug|Any CPU
		Release|Any CPU = Release|Any CPU
	EndGlobalSection
	GlobalSection(SolutionProperties) = preSolution
		HideSolutionNode = FALSE
	EndGlobalSection
	GlobalSection(ProjectConfigurationPlatforms) = postSolution
		{C8CD1FE0-872C-4C33-9FB6-EFE355F007C0}.Debug|Any CPU.ActiveCfg = Debug|Any CPU
		{C8CD1FE0-872C-4C33-9FB6-EFE355F007C0}.Debug|Any CPU.Build.0 = Debug|Any CPU
		{C8CD1FE0-872C-4C33-9FB6-EFE355F007C0}.Release|Any CPU.ActiveCfg = Release|Any CPU
		{C8CD1FE0-872C-4C33-9FB6-EFE355F007C0}.Release|Any CPU.Build.0 = Release|Any CPU
		{09A7E955-BD1C-4896-AE8B-35F08E4F8DCF}.Debug|Any CPU.ActiveCfg = Debug|Any CPU
		{09A7E955-BD1C-4896-AE8B-35F08E4F8DCF}.Debug|Any CPU.Build.0 = Debug|Any CPU
		{09A7E955-BD1C-4896-AE8B-35F08E4F8DCF}.Release|Any CPU.ActiveCfg = Release|Any CPU
		{09A7E955-BD1C-4896-AE8B-35F08E4F8DCF}.Release|Any CPU.Build.0 = Release|Any CPU
		{1A83ADC4-0555-4CB2-BF38-68A37D36A1B0}.Debug|Any CPU.ActiveCfg = Debug|Any CPU
		{1A83ADC4-0555-4CB2-BF38-68A37D36A1B0}.Debug|Any CPU.Build.0 = Debug|Any CPU
		{1A83ADC4-0555-4CB2-BF38-68A37D36A1B0}.Release|Any CPU.ActiveCfg = Release|Any CPU
		{1A83ADC4-0555-4CB2-BF38-68A37D36A1B0}.Release|Any CPU.Build.0 = Release|Any CPU
		{55C416CF-C4CB-4640-84FB-5D6AC8E4B519}.Debug|Any CPU.ActiveCfg = Debug|Any CPU
		{55C416CF-C4CB-4640-84FB-5D6AC8E4B519}.Debug|Any CPU.Build.0 = Debug|Any CPU
		{55C416CF-C4CB-4640-84FB-5D6AC8E4B519}.Release|Any CPU.ActiveCfg = Release|Any CPU
		{55C416CF-C4CB-4640-84FB-5D6AC8E4B519}.Release|Any CPU.Build.0 = Release|Any CPU
		{9730BA48-F6A0-4765-9A18-9E7374FA6DA1}.Debug|Any CPU.ActiveCfg = Debug|Any CPU
		{9730BA48-F6A0-4765-9A18-9E7374FA6DA1}.Debug|Any CPU.Build.0 = Debug|Any CPU
		{9730BA48-F6A0-4765-9A18-9E7374FA6DA1}.Release|Any CPU.ActiveCfg = Release|Any CPU
		{9730BA48-F6A0-4765-9A18-9E7374FA6DA1}.Release|Any CPU.Build.0 = Release|Any CPU
		{3AAC3420-A98C-4A37-AA83-899C0BB5FED6}.Debug|Any CPU.ActiveCfg = Debug|Any CPU
		{3AAC3420-A98C-4A37-AA83-899C0BB5FED6}.Debug|Any CPU.Build.0 = Debug|Any CPU
		{3AAC3420-A98C-4A37-AA83-899C0BB5FED6}.Release|Any CPU.ActiveCfg = Release|Any CPU
		{3AAC3420-A98C-4A37-AA83-899C0BB5FED6}.Release|Any CPU.Build.0 = Release|Any CPU
		{6A96CEA6-525B-4ABA-8957-E90B20219F74}.Debug|Any CPU.ActiveCfg = Debug|Any CPU
		{6A96CEA6-525B-4ABA-8957-E90B20219F74}.Debug|Any CPU.Build.0 = Debug|Any CPU
		{6A96CEA6-525B-4ABA-8957-E90B20219F74}.Release|Any CPU.ActiveCfg = Release|Any CPU
		{6A96CEA6-525B-4ABA-8957-E90B20219F74}.Release|Any CPU.Build.0 = Release|Any CPU
		{79106620-FA87-4ADD-AC90-E77264E91703}.Debug|Any CPU.ActiveCfg = Debug|Any CPU
		{79106620-FA87-4ADD-AC90-E77264E91703}.Debug|Any CPU.Build.0 = Debug|Any CPU
		{79106620-FA87-4ADD-AC90-E77264E91703}.Release|Any CPU.ActiveCfg = Release|Any CPU
		{79106620-FA87-4ADD-AC90-E77264E91703}.Release|Any CPU.Build.0 = Release|Any CPU
		{B3F71B7C-21E2-49D8-8E43-D460D619BD05}.Debug|Any CPU.ActiveCfg = Debug|Any CPU
		{B3F71B7C-21E2-49D8-8E43-D460D619BD05}.Debug|Any CPU.Build.0 = Debug|Any CPU
		{B3F71B7C-21E2-49D8-8E43-D460D619BD05}.Release|Any CPU.ActiveCfg = Release|Any CPU
		{B3F71B7C-21E2-49D8-8E43-D460D619BD05}.Release|Any CPU.Build.0 = Release|Any CPU
		{E4E158FD-2D5D-465B-8AF7-B4D8752935F3}.Debug|Any CPU.ActiveCfg = Debug|Any CPU
		{E4E158FD-2D5D-465B-8AF7-B4D8752935F3}.Debug|Any CPU.Build.0 = Debug|Any CPU
		{E4E158FD-2D5D-465B-8AF7-B4D8752935F3}.Release|Any CPU.ActiveCfg = Release|Any CPU
		{E4E158FD-2D5D-465B-8AF7-B4D8752935F3}.Release|Any CPU.Build.0 = Release|Any CPU
		{F0740FA1-CBE3-4CFD-9C1B-6E1BBFFBA384}.Debug|Any CPU.ActiveCfg = Debug|Any CPU
		{F0740FA1-CBE3-4CFD-9C1B-6E1BBFFBA384}.Debug|Any CPU.Build.0 = Debug|Any CPU
		{F0740FA1-CBE3-4CFD-9C1B-6E1BBFFBA384}.Release|Any CPU.ActiveCfg = Release|Any CPU
		{F0740FA1-CBE3-4CFD-9C1B-6E1BBFFBA384}.Release|Any CPU.Build.0 = Release|Any CPU
	EndGlobalSection
	GlobalSection(NestedProjects) = preSolution
		{C8CD1FE0-872C-4C33-9FB6-EFE355F007C0} = {1FECC291-C626-4498-8E76-22ED313E59A8}
		{09A7E955-BD1C-4896-AE8B-35F08E4F8DCF} = {A1DBCD26-BFA0-4FEF-8768-8E724CD768E2}
		{1A83ADC4-0555-4CB2-BF38-68A37D36A1B0} = {1FECC291-C626-4498-8E76-22ED313E59A8}
		{55C416CF-C4CB-4640-84FB-5D6AC8E4B519} = {1FECC291-C626-4498-8E76-22ED313E59A8}
		{9730BA48-F6A0-4765-9A18-9E7374FA6DA1} = {1FECC291-C626-4498-8E76-22ED313E59A8}
		{3AAC3420-A98C-4A37-AA83-899C0BB5FED6} = {ADF3CF7A-DB58-4E93-B72B-153F0851AFB9}
		{6A96CEA6-525B-4ABA-8957-E90B20219F74} = {1FECC291-C626-4498-8E76-22ED313E59A8}
		{79106620-FA87-4ADD-AC90-E77264E91703} = {3B8FE43A-A7CA-432D-BAFD-AA69AD4C2731}
		{B3F71B7C-21E2-49D8-8E43-D460D619BD05} = {1FECC291-C626-4498-8E76-22ED313E59A8}
		{E4E158FD-2D5D-465B-8AF7-B4D8752935F3} = {1FECC291-C626-4498-8E76-22ED313E59A8}
		{F0740FA1-CBE3-4CFD-9C1B-6E1BBFFBA384} = {96C2EA51-5912-482B-80D0-42AED41B4B49}
	EndGlobalSection
EndGlobal
